{
  "name": "shut-app-native",
  "version": "0.1.0",
  "lockfileVersion": 1,
  "requires": true,
  "dependencies": {
    "react-native-swipe-gestures": {
      "version": "1.0.2",
      "resolved": "https://registry.npmjs.org/react-native-swipe-gestures/-/react-native-swipe-gestures-1.0.2.tgz",
      "integrity": "sha1-kU4acqlLxVsyK0YioBEDq4eSlt0="
    }
  }
}
